
Microsoft Visual Studio Solution File, Format Version 12.00
# Visual Studio Version 16
VisualStudioVersion = 16.0.29905.134
MinimumVisualStudioVersion = 10.0.40219.1
Project("{FAE04EC0-301F-11D3-BF4B-00C04F79EFBC}") = "RedisDemo", "RedisDemo.csproj", "{FF7DFFFA-8EE7-4885-9E52-EBF20A20B8DA}"
EndProject
Global
	GlobalSection(SolutionConfigurationPlatforms) = preSolution
		Debug|Any CPU = Debug|Any CPU
		Release|Any CPU = Release|Any CPU
	EndGlobalSection
	GlobalSection(ProjectConfigurationPlatforms) = postSolution
		{FF7DFFFA-8EE7-4885-9E52-EBF20A20B8DA}.Debug|Any CPU.ActiveCfg = Debug|Any CPU
		{FF7DFFFA-8EE7-4885-9E52-EBF20A20B8DA}.Debug|Any CPU.Build.0 = Debug|Any CPU
		{FF7DFFFA-8EE7-4885-9E52-EBF20A20B8DA}.Release|Any CPU.ActiveCfg = Release|Any CPU
		{FF7DFFFA-8EE7-4885-9E52-EBF20A20B8DA}.Release|Any CPU.Build.0 = Release|Any CPU
	EndGlobalSection
	GlobalSection(SolutionProperties) = preSolution
		HideSolutionNode = FALSE
	EndGlobalSection
	GlobalSection(ExtensibilityGlobals) = postSolution
		SolutionGuid = {BB7DD75F-C368-443B-916F-69C21B9E3FA3}
	EndGlobalSection
EndGlobal
